
Microsoft Visual Studio Solution File, Format Version 12.00
# Visual Studio Version 16
VisualStudioVersion = 16.0.30114.105
MinimumVisualStudioVersion = 10.0.40219.1
Project("{8BC9CEB8-8B4A-11D0-8D11-00A0C91BC942}") = "C", "C\C.vcxproj", "{DFF5D524-6BA2-48F2-9B5D-CF549384E966}"
EndProject
Global
	GlobalSection(SolutionConfigurationPlatforms) = preSolution
		Debug|x64 = Debug|x64
		Debug|x86 = Debug|x86
		Release|x64 = Release|x64
		Release|x86 = Release|x86
	EndGlobalSection
	GlobalSection(ProjectConfigurationPlatforms) = postSolution
		{DFF5D524-6BA2-48F2-9B5D-CF549384E966}.Debug|x64.ActiveCfg = Debug|x64
		{DFF5D524-6BA2-48F2-9B5D-CF549384E966}.Debug|x64.Build.0 = Debug|x64
		{DFF5D524-6BA2-48F2-9B5D-CF549384E966}.Debug|x86.ActiveCfg = Debug|Win32
		{DFF5D524-6BA2-48F2-9B5D-CF549384E966}.Debug|x86.Build.0 = Debug|Win32
		{DFF5D524-6BA2-48F2-9B5D-CF549384E966}.Release|x64.ActiveCfg = Release|x64
		{DFF5D524-6BA2-48F2-9B5D-CF549384E966}.Release|x64.Build.0 = Release|x64
		{DFF5D524-6BA2-48F2-9B5D-CF549384E966}.Release|x86.ActiveCfg = Release|Win32
		{DFF5D524-6BA2-48F2-9B5D-CF549384E966}.Release|x86.Build.0 = Release|Win32
	EndGlobalSection
	GlobalSection(SolutionProperties) = preSolution
		HideSolutionNode = FALSE
	EndGlobalSection
	GlobalSection(ExtensibilityGlobals) = postSolution
		SolutionGuid = {C27FFAA2-54B0-462F-B492-68537E0231CF}
	EndGlobalSection
EndGlobal
